
Microsoft Visual Studio Solution File, Format Version 12.00
# Visual Studio Version 16
VisualStudioVersion = 16.0.33927.289
MinimumVisualStudioVersion = 10.0.40219.1
Project("{9A19103F-16F7-4668-BE54-9A1E7A4F7556}") = "Micro-Service", "Micro-Service\Micro-Service.csproj", "{E4068AD1-8629-4035-9BAB-4BFCAECF8577}"
EndProject
Project("{FAE04EC0-301F-11D3-BF4B-00C04F79EFBC}") = "Testing", "Testing\Testing.csproj", "{0BB1D9D3-C5B0-4B4C-8D4B-D6959E684807}"
EndProject
Global
	GlobalSection(SolutionConfigurationPlatforms) = preSolution
		Debug|Any CPU = Debug|Any CPU
		Release|Any CPU = Release|Any CPU
	EndGlobalSection
	GlobalSection(ProjectConfigurationPlatforms) = postSolution
		{E4068AD1-8629-4035-9BAB-4BFCAECF8577}.Debug|Any CPU.ActiveCfg = Debug|Any CPU
		{E4068AD1-8629-4035-9BAB-4BFCAECF8577}.Debug|Any CPU.Build.0 = Debug|Any CPU
		{E4068AD1-8629-4035-9BAB-4BFCAECF8577}.Release|Any CPU.ActiveCfg = Release|Any CPU
		{E4068AD1-8629-4035-9BAB-4BFCAECF8577}.Release|Any CPU.Build.0 = Release|Any CPU
		{0BB1D9D3-C5B0-4B4C-8D4B-D6959E684807}.Debug|Any CPU.ActiveCfg = Debug|Any CPU
		{0BB1D9D3-C5B0-4B4C-8D4B-D6959E684807}.Debug|Any CPU.Build.0 = Debug|Any CPU
		{0BB1D9D3-C5B0-4B4C-8D4B-D6959E684807}.Release|Any CPU.ActiveCfg = Release|Any CPU
		{0BB1D9D3-C5B0-4B4C-8D4B-D6959E684807}.Release|Any CPU.Build.0 = Release|Any CPU
	EndGlobalSection
	GlobalSection(SolutionProperties) = preSolution
		HideSolutionNode = FALSE
	EndGlobalSection
	GlobalSection(ExtensibilityGlobals) = postSolution
		SolutionGuid = {F5B12C0D-1B52-47B2-898F-05D408C18E44}
	EndGlobalSection
EndGlobal
